
Microsoft Visual Studio Solution File, Format Version 12.00
# Visual Studio Version 17
VisualStudioVersion = 17.11.35219.272
MinimumVisualStudioVersion = 10.0.40219.1
Project("{FAE04EC0-301F-11D3-BF4B-00C04F79EFBC}") = "OpenAi.JsonSchema", "OpenAi.JsonSchema\OpenAi.JsonSchema.csproj", "{76403479-81AD-4F31-A185-3362225C9AEE}"
EndProject
Project("{FAE04EC0-301F-11D3-BF4B-00C04F79EFBC}") = "OpenAi.JsonSchema.Tests", "OpenAi.JsonSchema.Tests\OpenAi.JsonSchema.Tests.csproj", "{65837C3A-4F5C-4853-927C-43795EF573B6}"
EndProject
Global
	GlobalSection(SolutionConfigurationPlatforms) = preSolution
		Debug|Any CPU = Debug|Any CPU
		Release|Any CPU = Release|Any CPU
	EndGlobalSection
	GlobalSection(ProjectConfigurationPlatforms) = postSolution
		{76403479-81AD-4F31-A185-3362225C9AEE}.Debug|Any CPU.ActiveCfg = Debug|Any CPU
		{76403479-81AD-4F31-A185-3362225C9AEE}.Debug|Any CPU.Build.0 = Debug|Any CPU
		{76403479-81AD-4F31-A185-3362225C9AEE}.Release|Any CPU.ActiveCfg = Release|Any CPU
		{76403479-81AD-4F31-A185-3362225C9AEE}.Release|Any CPU.Build.0 = Release|Any CPU
		{65837C3A-4F5C-4853-927C-43795EF573B6}.Debug|Any CPU.ActiveCfg = Debug|Any CPU
		{65837C3A-4F5C-4853-927C-43795EF573B6}.Debug|Any CPU.Build.0 = Debug|Any CPU
		{65837C3A-4F5C-4853-927C-43795EF573B6}.Release|Any CPU.ActiveCfg = Release|Any CPU
		{65837C3A-4F5C-4853-927C-43795EF573B6}.Release|Any CPU.Build.0 = Release|Any CPU
	EndGlobalSection
	GlobalSection(SolutionProperties) = preSolution
		HideSolutionNode = FALSE
	EndGlobalSection
	GlobalSection(ExtensibilityGlobals) = postSolution
		SolutionGuid = {21F217EE-2C35-47BE-8354-6F058829B353}
	EndGlobalSection
EndGlobal
